// !$*UTF8*$!
{
	archiveVersion = 1;
	classes = {
	};
	objectVersion = 46;
	objects = {

/* Begin PBXBuildFile section */
		3F875A8E13F4DD5700DFA035 /* CoreLocation.framework in Frameworks */ = {isa = PBXBuildFile; fileRef = 3F875A8D13F4DD5700DFA035 /* CoreLocation.framework */; };
		3F875AED13F5072700DFA035 /* BusViewController.h in Headers */ = {isa = PBXBuildFile; fileRef = 3F875AE713F5072700DFA035 /* BusViewController.h */; };
		3F875AEE13F5072700DFA035 /* BusViewController.m in Sources */ = {isa = PBXBuildFile; fileRef = 3F875AE813F5072700DFA035 /* BusViewController.m */; };
		3F875AEF13F5072700DFA035 /* NameValueCell.h in Headers */ = {isa = PBXBuildFile; fileRef = 3F875AEA13F5072700DFA035 /* NameValueCell.h */; };
		3F875AF013F5072700DFA035 /* NameValueCell.m in Sources */ = {isa = PBXBuildFile; fileRef = 3F875AEB13F5072700DFA035 /* NameValueCell.m */; };
		3F875AF613F5072F00DFA035 /* BusAnnotation.h in Headers */ = {isa = PBXBuildFile; fileRef = 3F875AF213F5072F00DFA035 /* BusAnnotation.h */; };
		3F875AF713F5072F00DFA035 /* BusAnnotation.m in Sources */ = {isa = PBXBuildFile; fileRef = 3F875AF313F5072F00DFA035 /* BusAnnotation.m */; };
		3F875AF813F5072F00DFA035 /* StopAnnotation.h in Headers */ = {isa = PBXBuildFile; fileRef = 3F875AF413F5072F00DFA035 /* StopAnnotation.h */; };
		3F875AF913F5072F00DFA035 /* StopAnnotation.m in Sources */ = {isa = PBXBuildFile; fileRef = 3F875AF513F5072F00DFA035 /* StopAnnotation.m */; };
		3F875B0013F5079700DFA035 /* BusesViewController.h in Headers */ = {isa = PBXBuildFile; fileRef = 3F875AFD13F5079700DFA035 /* BusesViewController.h */; };
		3F875B0113F5079700DFA035 /* BusesViewController.m in Sources */ = {isa = PBXBuildFile; fileRef = 3F875AFE13F5079700DFA035 /* BusesViewController.m */; };
		3F875B0413F5080000DFA035 /* NSString+StringToUIColorConversion.h in Headers */ = {isa = PBXBuildFile; fileRef = 3F875B0213F507FF00DFA035 /* NSString+StringToUIColorConversion.h */; };
		3F875B0513F5080000DFA035 /* NSString+StringToUIColorConversion.m in Sources */ = {isa = PBXBuildFile; fileRef = 3F875B0313F507FF00DFA035 /* NSString+StringToUIColorConversion.m */; };
		3F875B0713F5083F00DFA035 /* MapKit.framework in Frameworks */ = {isa = PBXBuildFile; fileRef = 3F875B0613F5083F00DFA035 /* MapKit.framework */; };
		3F875B1213F5092B00DFA035 /* InfoViewController.h in Headers */ = {isa = PBXBuildFile; fileRef = 3F875B0F13F5092B00DFA035 /* InfoViewController.h */; };
		3F875B1313F5092B00DFA035 /* InfoViewController.m in Sources */ = {isa = PBXBuildFile; fileRef = 3F875B1013F5092B00DFA035 /* InfoViewController.m */; };
		3F912B9713F40BE000853015 /* Foundation.framework in Frameworks */ = {isa = PBXBuildFile; fileRef = 3F912B9613F40BE000853015 /* Foundation.framework */; };
		3F912BBA13F40DE800853015 /* JOIris.h in Headers */ = {isa = PBXBuildFile; fileRef = 3F912BB013F40DE800853015 /* JOIris.h */; };
		3F912BBB13F40DE800853015 /* JOIris.m in Sources */ = {isa = PBXBuildFile; fileRef = 3F912BB113F40DE800853015 /* JOIris.m */; };
		3F912BBC13F40DE800853015 /* JONTUBus.h in Headers */ = {isa = PBXBuildFile; fileRef = 3F912BB213F40DE800853015 /* JONTUBus.h */; };
		3F912BBD13F40DE800853015 /* JONTUBus.m in Sources */ = {isa = PBXBuildFile; fileRef = 3F912BB313F40DE800853015 /* JONTUBus.m */; };
		3F912BBE13F40DE800853015 /* JONTUBusEngine.h in Headers */ = {isa = PBXBuildFile; fileRef = 3F912BB413F40DE800853015 /* JONTUBusEngine.h */; };
		3F912BBF13F40DE800853015 /* JONTUBusEngine.m in Sources */ = {isa = PBXBuildFile; fileRef = 3F912BB513F40DE800853015 /* JONTUBusEngine.m */; };
		3F912BC013F40DE800853015 /* JONTUBusRoute.h in Headers */ = {isa = PBXBuildFile; fileRef = 3F912BB613F40DE800853015 /* JONTUBusRoute.h */; };
		3F912BC113F40DE900853015 /* JONTUBusRoute.m in Sources */ = {isa = PBXBuildFile; fileRef = 3F912BB713F40DE800853015 /* JONTUBusRoute.m */; };
		3F912BC213F40DE900853015 /* JONTUBusStop.h in Headers */ = {isa = PBXBuildFile; fileRef = 3F912BB813F40DE800853015 /* JONTUBusStop.h */; };
		3F912BC313F40DE900853015 /* JONTUBusStop.m in Sources */ = {isa = PBXBuildFile; fileRef = 3F912BB913F40DE800853015 /* JONTUBusStop.m */; };
		3F912BD413F4111C00853015 /* NTU_TVY_TraversityDelegate.h in Headers */ = {isa = PBXBuildFile; fileRef = 3F912BD213F4111C00853015 /* NTU_TVY_TraversityDelegate.h */; };
		3F912BD513F4111C00853015 /* NTU_TVY_TraversityDelegate.m in Sources */ = {isa = PBXBuildFile; fileRef = 3F912BD313F4111C00853015 /* NTU_TVY_TraversityDelegate.m */; };
		3F912BD713F4115700853015 /* UIKit.framework in Frameworks */ = {isa = PBXBuildFile; fileRef = 3F912BD613F4115700853015 /* UIKit.framework */; };
		3F912BDD13F4121800853015 /* NTU_TVY-Prefix.pch in Headers */ = {isa = PBXBuildFile; fileRef = 3F912BDC13F4121800853015 /* NTU_TVY-Prefix.pch */; };
		3F912BE613F412D200853015 /* SynthesizeSingleton.h in Headers */ = {isa = PBXBuildFile; fileRef = 3F912BE513F412D200853015 /* SynthesizeSingleton.h */; };
		3F912BEB13F412E500853015 /* RegexKitLite.h in Headers */ = {isa = PBXBuildFile; fileRef = 3F912BE913F412E500853015 /* RegexKitLite.h */; };
		3F912BEC13F412E500853015 /* RegexKitLite.m in Sources */ = {isa = PBXBuildFile; fileRef = 3F912BEA13F412E500853015 /* RegexKitLite.m */; };
		3F912BF013F4130800853015 /* JOUTM.h in Headers */ = {isa = PBXBuildFile; fileRef = 3F912BEE13F4130800853015 /* JOUTM.h */; };
		3F912BF113F4130800853015 /* JOUTM.m in Sources */ = {isa = PBXBuildFile; fileRef = 3F912BEF13F4130800853015 /* JOUTM.m */; };
		3F912BF313F4133700853015 /* libicucore.dylib in Frameworks */ = {isa = PBXBuildFile; fileRef = 3F912BF213F4133700853015 /* libicucore.dylib */; };
		3F912BFC13F4156600853015 /* StopsTableViewController.h in Headers */ = {isa = PBXBuildFile; fileRef = 3F912BF913F4156600853015 /* StopsTableViewController.h */; };
		3F912BFD13F4156600853015 /* StopsTableViewController.m in Sources */ = {isa = PBXBuildFile; fileRef = 3F912BFA13F4156600853015 /* StopsTableViewController.m */; };
		3F912C1D13F4172000853015 /* CacheOperation.h in Headers */ = {isa = PBXBuildFile; fileRef = 3F912C1B13F4172000853015 /* CacheOperation.h */; };
		3F912C1E13F4172000853015 /* CacheOperation.m in Sources */ = {isa = PBXBuildFile; fileRef = 3F912C1C13F4172000853015 /* CacheOperation.m */; };
		3F912C6413F41CB500853015 /* BusStopViewController.h in Headers */ = {isa = PBXBuildFile; fileRef = 3F912C5C13F41CB500853015 /* BusStopViewController.h */; };
		3F912C6513F41CB500853015 /* BusStopViewController.m in Sources */ = {isa = PBXBuildFile; fileRef = 3F912C5D13F41CB500853015 /* BusStopViewController.m */; };
		3F912C6613F41CB500853015 /* BusETACell.h in Headers */ = {isa = PBXBuildFile; fileRef = 3F912C5F13F41CB500853015 /* BusETACell.h */; };
		3F912C6713F41CB500853015 /* BusETACell.m in Sources */ = {isa = PBXBuildFile; fileRef = 3F912C6013F41CB500853015 /* BusETACell.m */; };
		3F912C6813F41CB500853015 /* ArrivalsOperation.h in Headers */ = {isa = PBXBuildFile; fileRef = 3F912C6213F41CB500853015 /* ArrivalsOperation.h */; };
		3F912C6913F41CB500853015 /* ArrivalsOperation.m in Sources */ = {isa = PBXBuildFile; fileRef = 3F912C6313F41CB500853015 /* ArrivalsOperation.m */; };
		3F912C7B13F41D4700853015 /* UIDevice-Hardware.h in Headers */ = {isa = PBXBuildFile; fileRef = 3F912C7513F41D4600853015 /* UIDevice-Hardware.h */; };
		3F912C7C13F41D4700853015 /* UIDevice-Hardware.m in Sources */ = {isa = PBXBuildFile; fileRef = 3F912C7613F41D4600853015 /* UIDevice-Hardware.m */; };
		3F912C7D13F41D4700853015 /* UIDevice-Reachability.h in Headers */ = {isa = PBXBuildFile; fileRef = 3F912C7713F41D4600853015 /* UIDevice-Reachability.h */; };
		3F912C7E13F41D4700853015 /* UIDevice-Reachability.m in Sources */ = {isa = PBXBuildFile; fileRef = 3F912C7813F41D4600853015 /* UIDevice-Reachability.m */; };
		3F912C7F13F41D4700853015 /* UIDevice-Orientation.h in Headers */ = {isa = PBXBuildFile; fileRef = 3F912C7913F41D4600853015 /* UIDevice-Orientation.h */; };
		3F912C8013F41D4700853015 /* UIDevice-Orientation.m in Sources */ = {isa = PBXBuildFile; fileRef = 3F912C7A13F41D4600853015 /* UIDevice-Orientation.m */; };
		3F912C8313F41D4F00853015 /* wwanconnect.c in Sources */ = {isa = PBXBuildFile; fileRef = 3F912C8113F41D4F00853015 /* wwanconnect.c */; };
		3F912C8413F41D4F00853015 /* wwanconnect.h in Headers */ = {isa = PBXBuildFile; fileRef = 3F912C8213F41D4F00853015 /* wwanconnect.h */; };
		3F912C8713F41DDB00853015 /* Friendly.h in Headers */ = {isa = PBXBuildFile; fileRef = 3F912C8513F41DDB00853015 /* Friendly.h */; };
		3F912C8813F41DDB00853015 /* Friendly.m in Sources */ = {isa = PBXBuildFile; fileRef = 3F912C8613F41DDB00853015 /* Friendly.m */; };
		3F912C8B13F41DF500853015 /* NSString+htmlentitiesaddition.h in Headers */ = {isa = PBXBuildFile; fileRef = 3F912C8913F41DF400853015 /* NSString+htmlentitiesaddition.h */; };
		3F912C8C13F41DF500853015 /* NSString+htmlentitiesaddition.m in Sources */ = {isa = PBXBuildFile; fileRef = 3F912C8A13F41DF400853015 /* NSString+htmlentitiesaddition.m */; };
/* End PBXBuildFile section */

/* Begin PBXFileReference section */
		3F875A8D13F4DD5700DFA035 /* CoreLocation.framework */ = {isa = PBXFileReference; lastKnownFileType = wrapper.framework; name = CoreLocation.framework; path = System/Library/Frameworks/CoreLocation.framework; sourceTree = SDKROOT; };
		3F875ADD13F5059200DFA035 /* NTU_TVY_Traversity_BusETACell.xib */ = {isa = PBXFileReference; fileEncoding = 4; lastKnownFileType = file.xib; path = NTU_TVY_Traversity_BusETACell.xib; sourceTree = "<group>"; };
		3F875ADE13F5059200DFA035 /* NTU_TVY_Traversity_BusStopViewController.xib */ = {isa = PBXFileReference; fileEncoding = 4; lastKnownFileType = file.xib; path = NTU_TVY_Traversity_BusStopViewController.xib; sourceTree = "<group>"; };
		3F875ADF13F5059200DFA035 /* NTU_TVY_Traversity_alert.png */ = {isa = PBXFileReference; lastKnownFileType = image.png; path = NTU_TVY_Traversity_alert.png; sourceTree = "<group>"; };
		3F875AE713F5072700DFA035 /* BusViewController.h */ = {isa = PBXFileReference; fileEncoding = 4; lastKnownFileType = sourcecode.c.h; path = BusViewController.h; sourceTree = "<group>"; };
		3F875AE813F5072700DFA035 /* BusViewController.m */ = {isa = PBXFileReference; fileEncoding = 4; lastKnownFileType = sourcecode.c.objc; path = BusViewController.m; sourceTree = "<group>"; };
		3F875AE913F5072700DFA035 /* NTU_TVY_Traversity_BusViewController.xib */ = {isa = PBXFileReference; fileEncoding = 4; lastKnownFileType = file.xib; name = NTU_TVY_Traversity_BusViewController.xib; path = ../UI/BusView/NTU_TVY_Traversity_BusViewController.xib; sourceTree = "<group>"; };
		3F875AEA13F5072700DFA035 /* NameValueCell.h */ = {isa = PBXFileReference; fileEncoding = 4; lastKnownFileType = sourcecode.c.h; path = NameValueCell.h; sourceTree = "<group>"; };
		3F875AEB13F5072700DFA035 /* NameValueCell.m */ = {isa = PBXFileReference; fileEncoding = 4; lastKnownFileType = sourcecode.c.objc; path = NameValueCell.m; sourceTree = "<group>"; };
		3F875AEC13F5072700DFA035 /* NTU_TVY_Traversity_NameValueCell.xib */ = {isa = PBXFileReference; fileEncoding = 4; lastKnownFileType = file.xib; name = NTU_TVY_Traversity_NameValueCell.xib; path = ../UI/BusView/NTU_TVY_Traversity_NameValueCell.xib; sourceTree = "<group>"; };
		3F875AF213F5072F00DFA035 /* BusAnnotation.h */ = {isa = PBXFileReference; fileEncoding = 4; lastKnownFileType = sourcecode.c.h; path = BusAnnotation.h; sourceTree = "<group>"; };
		3F875AF313F5072F00DFA035 /* BusAnnotation.m */ = {isa = PBXFileReference; fileEncoding = 4; lastKnownFileType = sourcecode.c.objc; path = BusAnnotation.m; sourceTree = "<group>"; };
		3F875AF413F5072F00DFA035 /* StopAnnotation.h */ = {isa = PBXFileReference; fileEncoding = 4; lastKnownFileType = sourcecode.c.h; path = StopAnnotation.h; sourceTree = "<group>"; };
		3F875AF513F5072F00DFA035 /* StopAnnotation.m */ = {isa = PBXFileReference; fileEncoding = 4; lastKnownFileType = sourcecode.c.objc; path = StopAnnotation.m; sourceTree = "<group>"; };
		3F875AFD13F5079700DFA035 /* BusesViewController.h */ = {isa = PBXFileReference; fileEncoding = 4; lastKnownFileType = sourcecode.c.h; path = BusesViewController.h; sourceTree = "<group>"; };
		3F875AFE13F5079700DFA035 /* BusesViewController.m */ = {isa = PBXFileReference; fileEncoding = 4; lastKnownFileType = sourcecode.c.objc; path = BusesViewController.m; sourceTree = "<group>"; };
		3F875AFF13F5079700DFA035 /* NTU_TVY_Traversity_BusesViewController.xib */ = {isa = PBXFileReference; fileEncoding = 4; lastKnownFileType = file.xib; name = NTU_TVY_Traversity_BusesViewController.xib; path = ../UI/BusesView/NTU_TVY_Traversity_BusesViewController.xib; sourceTree = "<group>"; };
		3F875B0213F507FF00DFA035 /* NSString+StringToUIColorConversion.h */ = {isa = PBXFileReference; fileEncoding = 4; lastKnownFileType = sourcecode.c.h; path = "NSString+StringToUIColorConversion.h"; sourceTree = "<group>"; };
		3F875B0313F507FF00DFA035 /* NSString+StringToUIColorConversion.m */ = {isa = PBXFileReference; fileEncoding = 4; lastKnownFileType = sourcecode.c.objc; path = "NSString+StringToUIColorConversion.m"; sourceTree = "<group>"; };
		3F875B0613F5083F00DFA035 /* MapKit.framework */ = {isa = PBXFileReference; lastKnownFileType = wrapper.framework; name = MapKit.framework; path = System/Library/Frameworks/MapKit.framework; sourceTree = SDKROOT; };
		3F875B0F13F5092B00DFA035 /* InfoViewController.h */ = {isa = PBXFileReference; fileEncoding = 4; lastKnownFileType = sourcecode.c.h; path = InfoViewController.h; sourceTree = "<group>"; };
		3F875B1013F5092B00DFA035 /* InfoViewController.m */ = {isa = PBXFileReference; fileEncoding = 4; lastKnownFileType = sourcecode.c.objc; path = InfoViewController.m; sourceTree = "<group>"; };
		3F875B1113F5092B00DFA035 /* NTU_TVY_Traversity_InfoViewController.xib */ = {isa = PBXFileReference; fileEncoding = 4; lastKnownFileType = file.xib; name = NTU_TVY_Traversity_InfoViewController.xib; path = ../UI/InfoView/NTU_TVY_Traversity_InfoViewController.xib; sourceTree = "<group>"; };
		3F875B1613F509D500DFA035 /* NTU_TVY_Traversity_About.plist */ = {isa = PBXFileReference; fileEncoding = 4; lastKnownFileType = text.plist.xml; path = NTU_TVY_Traversity_About.plist; sourceTree = "<group>"; };
		3F875B1913F50A4000DFA035 /* NTU_TVY_Traversity_57-masked.png */ = {isa = PBXFileReference; lastKnownFileType = image.png; path = "NTU_TVY_Traversity_57-masked.png"; sourceTree = "<group>"; };
		3F875B1A13F50A4000DFA035 /* NTU_TVY_Traversity_57-masked@2x.png */ = {isa = PBXFileReference; lastKnownFileType = image.png; path = "NTU_TVY_Traversity_57-masked@2x.png"; sourceTree = "<group>"; };
		3F875B1F13F50AAC00DFA035 /* NTU_TVY_Traversity_stop-bg.png */ = {isa = PBXFileReference; lastKnownFileType = image.png; path = "NTU_TVY_Traversity_stop-bg.png"; sourceTree = "<group>"; };
		3F912B9313F40BE000853015 /* libNTU_TVY.a */ = {isa = PBXFileReference; explicitFileType = archive.ar; includeInIndex = 0; path = libNTU_TVY.a; sourceTree = BUILT_PRODUCTS_DIR; };
		3F912B9613F40BE000853015 /* Foundation.framework */ = {isa = PBXFileReference; lastKnownFileType = wrapper.framework; name = Foundation.framework; path = System/Library/Frameworks/Foundation.framework; sourceTree = SDKROOT; };
		3F912BB013F40DE800853015 /* JOIris.h */ = {isa = PBXFileReference; fileEncoding = 4; lastKnownFileType = sourcecode.c.h; path = JOIris.h; sourceTree = "<group>"; };
		3F912BB113F40DE800853015 /* JOIris.m */ = {isa = PBXFileReference; fileEncoding = 4; lastKnownFileType = sourcecode.c.objc; path = JOIris.m; sourceTree = "<group>"; };
		3F912BB213F40DE800853015 /* JONTUBus.h */ = {isa = PBXFileReference; fileEncoding = 4; lastKnownFileType = sourcecode.c.h; path = JONTUBus.h; sourceTree = "<group>"; };
		3F912BB313F40DE800853015 /* JONTUBus.m */ = {isa = PBXFileReference; fileEncoding = 4; lastKnownFileType = sourcecode.c.objc; path = JONTUBus.m; sourceTree = "<group>"; };
		3F912BB413F40DE800853015 /* JONTUBusEngine.h */ = {isa = PBXFileReference; fileEncoding = 4; lastKnownFileType = sourcecode.c.h; path = JONTUBusEngine.h; sourceTree = "<group>"; };
		3F912BB513F40DE800853015 /* JONTUBusEngine.m */ = {isa = PBXFileReference; fileEncoding = 4; lastKnownFileType = sourcecode.c.objc; path = JONTUBusEngine.m; sourceTree = "<group>"; };
		3F912BB613F40DE800853015 /* JONTUBusRoute.h */ = {isa = PBXFileReference; fileEncoding = 4; lastKnownFileType = sourcecode.c.h; path = JONTUBusRoute.h; sourceTree = "<group>"; };
		3F912BB713F40DE800853015 /* JONTUBusRoute.m */ = {isa = PBXFileReference; fileEncoding = 4; lastKnownFileType = sourcecode.c.objc; path = JONTUBusRoute.m; sourceTree = "<group>"; };
		3F912BB813F40DE800853015 /* JONTUBusStop.h */ = {isa = PBXFileReference; fileEncoding = 4; lastKnownFileType = sourcecode.c.h; path = JONTUBusStop.h; sourceTree = "<group>"; };
		3F912BB913F40DE800853015 /* JONTUBusStop.m */ = {isa = PBXFileReference; fileEncoding = 4; lastKnownFileType = sourcecode.c.objc; path = JONTUBusStop.m; sourceTree = "<group>"; };
		3F912BD213F4111C00853015 /* NTU_TVY_TraversityDelegate.h */ = {isa = PBXFileReference; fileEncoding = 4; lastKnownFileType = sourcecode.c.h; path = NTU_TVY_TraversityDelegate.h; sourceTree = "<group>"; };
		3F912BD313F4111C00853015 /* NTU_TVY_TraversityDelegate.m */ = {isa = PBXFileReference; fileEncoding = 4; lastKnownFileType = sourcecode.c.objc; path = NTU_TVY_TraversityDelegate.m; sourceTree = "<group>"; };
		3F912BD613F4115700853015 /* UIKit.framework */ = {isa = PBXFileReference; lastKnownFileType = wrapper.framework; name = UIKit.framework; path = System/Library/Frameworks/UIKit.framework; sourceTree = SDKROOT; };
		3F912BDC13F4121800853015 /* NTU_TVY-Prefix.pch */ = {isa = PBXFileReference; fileEncoding = 4; lastKnownFileType = sourcecode.c.h; name = "NTU_TVY-Prefix.pch"; path = "Supporting Files/NTU_TVY-Prefix.pch"; sourceTree = SOURCE_ROOT; };
		3F912BE513F412D200853015 /* SynthesizeSingleton.h */ = {isa = PBXFileReference; fileEncoding = 4; lastKnownFileType = sourcecode.c.h; path = SynthesizeSingleton.h; sourceTree = "<group>"; };
		3F912BE913F412E500853015 /* RegexKitLite.h */ = {isa = PBXFileReference; fileEncoding = 4; lastKnownFileType = sourcecode.c.h; path = RegexKitLite.h; sourceTree = "<group>"; };
		3F912BEA13F412E500853015 /* RegexKitLite.m */ = {isa = PBXFileReference; fileEncoding = 4; lastKnownFileType = sourcecode.c.objc; path = RegexKitLite.m; sourceTree = "<group>"; };
		3F912BEE13F4130800853015 /* JOUTM.h */ = {isa = PBXFileReference; fileEncoding = 4; lastKnownFileType = sourcecode.c.h; path = JOUTM.h; sourceTree = "<group>"; };
		3F912BEF13F4130800853015 /* JOUTM.m */ = {isa = PBXFileReference; fileEncoding = 4; lastKnownFileType = sourcecode.c.objc; path = JOUTM.m; sourceTree = "<group>"; };
		3F912BF213F4133700853015 /* libicucore.dylib */ = {isa = PBXFileReference; lastKnownFileType = "compiled.mach-o.dylib"; name = libicucore.dylib; path = usr/lib/libicucore.dylib; sourceTree = SDKROOT; };
		3F912BF913F4156600853015 /* StopsTableViewController.h */ = {isa = PBXFileReference; fileEncoding = 4; lastKnownFileType = sourcecode.c.h; path = StopsTableViewController.h; sourceTree = "<group>"; };
		3F912BFA13F4156600853015 /* StopsTableViewController.m */ = {isa = PBXFileReference; fileEncoding = 4; lastKnownFileType = sourcecode.c.objc; path = StopsTableViewController.m; sourceTree = "<group>"; };
		3F912C1B13F4172000853015 /* CacheOperation.h */ = {isa = PBXFileReference; fileEncoding = 4; lastKnownFileType = sourcecode.c.h; path = CacheOperation.h; sourceTree = "<group>"; };
		3F912C1C13F4172000853015 /* CacheOperation.m */ = {isa = PBXFileReference; fileEncoding = 4; lastKnownFileType = sourcecode.c.objc; path = CacheOperation.m; sourceTree = "<group>"; };
		3F912C5C13F41CB500853015 /* BusStopViewController.h */ = {isa = PBXFileReference; fileEncoding = 4; lastKnownFileType = sourcecode.c.h; path = BusStopViewController.h; sourceTree = "<group>"; };
		3F912C5D13F41CB500853015 /* BusStopViewController.m */ = {isa = PBXFileReference; fileEncoding = 4; lastKnownFileType = sourcecode.c.objc; path = BusStopViewController.m; sourceTree = "<group>"; };
		3F912C5F13F41CB500853015 /* BusETACell.h */ = {isa = PBXFileReference; fileEncoding = 4; lastKnownFileType = sourcecode.c.h; path = BusETACell.h; sourceTree = "<group>"; };
		3F912C6013F41CB500853015 /* BusETACell.m */ = {isa = PBXFileReference; fileEncoding = 4; lastKnownFileType = sourcecode.c.objc; path = BusETACell.m; sourceTree = "<group>"; };
		3F912C6213F41CB500853015 /* ArrivalsOperation.h */ = {isa = PBXFileReference; fileEncoding = 4; lastKnownFileType = sourcecode.c.h; path = ArrivalsOperation.h; sourceTree = "<group>"; };
		3F912C6313F41CB500853015 /* ArrivalsOperation.m */ = {isa = PBXFileReference; fileEncoding = 4; lastKnownFileType = sourcecode.c.objc; path = ArrivalsOperation.m; sourceTree = "<group>"; };
		3F912C7513F41D4600853015 /* UIDevice-Hardware.h */ = {isa = PBXFileReference; fileEncoding = 4; lastKnownFileType = sourcecode.c.h; path = "UIDevice-Hardware.h"; sourceTree = "<group>"; };
		3F912C7613F41D4600853015 /* UIDevice-Hardware.m */ = {isa = PBXFileReference; fileEncoding = 4; lastKnownFileType = sourcecode.c.objc; path = "UIDevice-Hardware.m"; sourceTree = "<group>"; };
		3F912C7713F41D4600853015 /* UIDevice-Reachability.h */ = {isa = PBXFileReference; fileEncoding = 4; lastKnownFileType = sourcecode.c.h; path = "UIDevice-Reachability.h"; sourceTree = "<group>"; };
		3F912C7813F41D4600853015 /* UIDevice-Reachability.m */ = {isa = PBXFileReference; fileEncoding = 4; lastKnownFileType = sourcecode.c.objc; path = "UIDevice-Reachability.m"; sourceTree = "<group>"; };
		3F912C7913F41D4600853015 /* UIDevice-Orientation.h */ = {isa = PBXFileReference; fileEncoding = 4; lastKnownFileType = sourcecode.c.h; path = "UIDevice-Orientation.h"; sourceTree = "<group>"; };
		3F912C7A13F41D4600853015 /* UIDevice-Orientation.m */ = {isa = PBXFileReference; fileEncoding = 4; lastKnownFileType = sourcecode.c.objc; path = "UIDevice-Orientation.m"; sourceTree = "<group>"; };
		3F912C8113F41D4F00853015 /* wwanconnect.c */ = {isa = PBXFileReference; fileEncoding = 4; lastKnownFileType = sourcecode.c.c; path = wwanconnect.c; sourceTree = "<group>"; };
		3F912C8213F41D4F00853015 /* wwanconnect.h */ = {isa = PBXFileReference; fileEncoding = 4; lastKnownFileType = sourcecode.c.h; path = wwanconnect.h; sourceTree = "<group>"; };
		3F912C8513F41DDB00853015 /* Friendly.h */ = {isa = PBXFileReference; fileEncoding = 4; lastKnownFileType = sourcecode.c.h; path = Friendly.h; sourceTree = "<group>"; };
		3F912C8613F41DDB00853015 /* Friendly.m */ = {isa = PBXFileReference; fileEncoding = 4; lastKnownFileType = sourcecode.c.objc; path = Friendly.m; sourceTree = "<group>"; };
		3F912C8913F41DF400853015 /* NSString+htmlentitiesaddition.h */ = {isa = PBXFileReference; fileEncoding = 4; lastKnownFileType = sourcecode.c.h; path = "NSString+htmlentitiesaddition.h"; sourceTree = "<group>"; };
		3F912C8A13F41DF400853015 /* NSString+htmlentitiesaddition.m */ = {isa = PBXFileReference; fileEncoding = 4; lastKnownFileType = sourcecode.c.objc; path = "NSString+htmlentitiesaddition.m"; sourceTree = "<group>"; };
/* End PBXFileReference section */

/* Begin PBXFrameworksBuildPhase section */
		3F912B9013F40BE000853015 /* Frameworks */ = {
			isa = PBXFrameworksBuildPhase;
			buildActionMask = 2147483647;
			files = (
				3F875B0713F5083F00DFA035 /* MapKit.framework in Frameworks */,
				3F875A8E13F4DD5700DFA035 /* CoreLocation.framework in Frameworks */,
				3F912BF313F4133700853015 /* libicucore.dylib in Frameworks */,
				3F912BD713F4115700853015 /* UIKit.framework in Frameworks */,
				3F912B9713F40BE000853015 /* Foundation.framework in Frameworks */,
			);
			runOnlyForDeploymentPostprocessing = 0;
		};
/* End PBXFrameworksBuildPhase section */

/* Begin PBXGroup section */
		3F875AE613F5072700DFA035 /* BusView */ = {
			isa = PBXGroup;
			children = (
				3F875AF113F5072F00DFA035 /* MapAnnotations */,
				3F875AE713F5072700DFA035 /* BusViewController.h */,
				3F875AE813F5072700DFA035 /* BusViewController.m */,
				3F875AEA13F5072700DFA035 /* NameValueCell.h */,
				3F875AEB13F5072700DFA035 /* NameValueCell.m */,
			);
			path = BusView;
			sourceTree = "<group>";
		};
		3F875AF113F5072F00DFA035 /* MapAnnotations */ = {
			isa = PBXGroup;
			children = (
				3F875AF213F5072F00DFA035 /* BusAnnotation.h */,
				3F875AF313F5072F00DFA035 /* BusAnnotation.m */,
				3F875AF413F5072F00DFA035 /* StopAnnotation.h */,
				3F875AF513F5072F00DFA035 /* StopAnnotation.m */,
			);
			path = MapAnnotations;
			sourceTree = "<group>";
		};
		3F875AFC13F5078B00DFA035 /* BusesView */ = {
			isa = PBXGroup;
			children = (
				3F875AFD13F5079700DFA035 /* BusesViewController.h */,
				3F875AFE13F5079700DFA035 /* BusesViewController.m */,
			);
			path = BusesView;
			sourceTree = "<group>";
		};
		3F875B0E13F5092B00DFA035 /* InfoView */ = {
			isa = PBXGroup;
			children = (
				3F875B0F13F5092B00DFA035 /* InfoViewController.h */,
				3F875B1013F5092B00DFA035 /* InfoViewController.m */,
			);
			path = InfoView;
			sourceTree = "<group>";
		};
		3F912B8813F40BE000853015 = {
			isa = PBXGroup;
			children = (
				3F912BF813F4152F00853015 /* UI */,
				3F912BA413F40CB400853015 /* Resources */,
				3F912B9813F40BE000853015 /* Classes */,
				3F912B9513F40BE000853015 /* Frameworks */,
				3F912B9413F40BE000853015 /* Products */,
			);
			sourceTree = "<group>";
		};
		3F912B9413F40BE000853015 /* Products */ = {
			isa = PBXGroup;
			children = (
				3F912B9313F40BE000853015 /* libNTU_TVY.a */,
			);
			name = Products;
			sourceTree = "<group>";
		};
		3F912B9513F40BE000853015 /* Frameworks */ = {
			isa = PBXGroup;
			children = (
				3F875B0613F5083F00DFA035 /* MapKit.framework */,
				3F875A8D13F4DD5700DFA035 /* CoreLocation.framework */,
				3F912BF213F4133700853015 /* libicucore.dylib */,
				3F912BD613F4115700853015 /* UIKit.framework */,
				3F912B9613F40BE000853015 /* Foundation.framework */,
			);
			name = Frameworks;
			sourceTree = "<group>";
		};
		3F912B9813F40BE000853015 /* Classes */ = {
			isa = PBXGroup;
			children = (
				3F912B9913F40BE000853015 /* Supporting Files */,
				3F912BD213F4111C00853015 /* NTU_TVY_TraversityDelegate.h */,
				3F912BD313F4111C00853015 /* NTU_TVY_TraversityDelegate.m */,
			);
			path = Classes;
			sourceTree = SOURCE_ROOT;
		};
		3F912B9913F40BE000853015 /* Supporting Files */ = {
			isa = PBXGroup;
			children = (
				3F912BAF13F40DE800853015 /* JONTUBusCore */,
				3F912C7413F41D3B00853015 /* UIDevice */,
				3F912BED13F4130800853015 /* JONTULocation */,
				3F912BE813F412E500853015 /* RegexKitLite */,
				3F912C8513F41DDB00853015 /* Friendly.h */,
				3F912C8613F41DDB00853015 /* Friendly.m */,
				3F875B0213F507FF00DFA035 /* NSString+StringToUIColorConversion.h */,
				3F875B0313F507FF00DFA035 /* NSString+StringToUIColorConversion.m */,
				3F912C8913F41DF400853015 /* NSString+htmlentitiesaddition.h */,
				3F912C8A13F41DF400853015 /* NSString+htmlentitiesaddition.m */,
				3F912BE513F412D200853015 /* SynthesizeSingleton.h */,
				3F912BDC13F4121800853015 /* NTU_TVY-Prefix.pch */,
			);
			path = "Supporting Files";
			sourceTree = SOURCE_ROOT;
		};
		3F912BA413F40CB400853015 /* Resources */ = {
			isa = PBXGroup;
			children = (
				3F875B1F13F50AAC00DFA035 /* NTU_TVY_Traversity_stop-bg.png */,
				3F875B1913F50A4000DFA035 /* NTU_TVY_Traversity_57-masked.png */,
				3F875B1A13F50A4000DFA035 /* NTU_TVY_Traversity_57-masked@2x.png */,
				3F875B1613F509D500DFA035 /* NTU_TVY_Traversity_About.plist */,
				3F875B1113F5092B00DFA035 /* NTU_TVY_Traversity_InfoViewController.xib */,
				3F875AEC13F5072700DFA035 /* NTU_TVY_Traversity_NameValueCell.xib */,
				3F875AFF13F5079700DFA035 /* NTU_TVY_Traversity_BusesViewController.xib */,
				3F875AE913F5072700DFA035 /* NTU_TVY_Traversity_BusViewController.xib */,
				3F875ADD13F5059200DFA035 /* NTU_TVY_Traversity_BusETACell.xib */,
				3F875ADE13F5059200DFA035 /* NTU_TVY_Traversity_BusStopViewController.xib */,
				3F875ADF13F5059200DFA035 /* NTU_TVY_Traversity_alert.png */,
			);
			path = Resources;
			sourceTree = SOURCE_ROOT;
		};
		3F912BAF13F40DE800853015 /* JONTUBusCore */ = {
			isa = PBXGroup;
			children = (
				3F912BB013F40DE800853015 /* JOIris.h */,
				3F912BB113F40DE800853015 /* JOIris.m */,
				3F912BB213F40DE800853015 /* JONTUBus.h */,
				3F912BB313F40DE800853015 /* JONTUBus.m */,
				3F912BB413F40DE800853015 /* JONTUBusEngine.h */,
				3F912BB513F40DE800853015 /* JONTUBusEngine.m */,
				3F912BB613F40DE800853015 /* JONTUBusRoute.h */,
				3F912BB713F40DE800853015 /* JONTUBusRoute.m */,
				3F912BB813F40DE800853015 /* JONTUBusStop.h */,
				3F912BB913F40DE800853015 /* JONTUBusStop.m */,
			);
			name = JONTUBusCore;
			path = ../JONTUBusCore;
			sourceTree = "<group>";
		};
		3F912BE813F412E500853015 /* RegexKitLite */ = {
			isa = PBXGroup;
			children = (
				3F912BE913F412E500853015 /* RegexKitLite.h */,
				3F912BEA13F412E500853015 /* RegexKitLite.m */,
			);
			path = RegexKitLite;
			sourceTree = "<group>";
		};
		3F912BED13F4130800853015 /* JONTULocation */ = {
			isa = PBXGroup;
			children = (
				3F912BEE13F4130800853015 /* JOUTM.h */,
				3F912BEF13F4130800853015 /* JOUTM.m */,
			);
			path = JONTULocation;
			sourceTree = SOURCE_ROOT;
		};
		3F912BF813F4152F00853015 /* UI */ = {
			isa = PBXGroup;
			children = (
				3F875B0E13F5092B00DFA035 /* InfoView */,
				3F875AFC13F5078B00DFA035 /* BusesView */,
				3F875AE613F5072700DFA035 /* BusView */,
				3F912C5B13F41CA900853015 /* Bus Stop */,
				3F912BFE13F4156C00853015 /* Stops */,
			);
			path = UI;
			sourceTree = SOURCE_ROOT;
		};
		3F912BFE13F4156C00853015 /* Stops */ = {
			isa = PBXGroup;
			children = (
				3F912C1B13F4172000853015 /* CacheOperation.h */,
				3F912C1C13F4172000853015 /* CacheOperation.m */,
				3F912BF913F4156600853015 /* StopsTableViewController.h */,
				3F912BFA13F4156600853015 /* StopsTableViewController.m */,
			);
			path = Stops;
			sourceTree = "<group>";
		};
		3F912C5B13F41CA900853015 /* Bus Stop */ = {
			isa = PBXGroup;
			children = (
				3F912C5C13F41CB500853015 /* BusStopViewController.h */,
				3F912C5D13F41CB500853015 /* BusStopViewController.m */,
				3F912C5F13F41CB500853015 /* BusETACell.h */,
				3F912C6013F41CB500853015 /* BusETACell.m */,
				3F912C6213F41CB500853015 /* ArrivalsOperation.h */,
				3F912C6313F41CB500853015 /* ArrivalsOperation.m */,
			);
			path = "Bus Stop";
			sourceTree = "<group>";
		};
		3F912C7413F41D3B00853015 /* UIDevice */ = {
			isa = PBXGroup;
			children = (
				3F912C8113F41D4F00853015 /* wwanconnect.c */,
				3F912C8213F41D4F00853015 /* wwanconnect.h */,
				3F912C7513F41D4600853015 /* UIDevice-Hardware.h */,
				3F912C7613F41D4600853015 /* UIDevice-Hardware.m */,
				3F912C7713F41D4600853015 /* UIDevice-Reachability.h */,
				3F912C7813F41D4600853015 /* UIDevice-Reachability.m */,
				3F912C7913F41D4600853015 /* UIDevice-Orientation.h */,
				3F912C7A13F41D4600853015 /* UIDevice-Orientation.m */,
			);
			name = UIDevice;
			sourceTree = "<group>";
		};
/* End PBXGroup section */

/* Begin PBXHeadersBuildPhase section */
		3F912B9113F40BE000853015 /* Headers */ = {
			isa = PBXHeadersBuildPhase;
			buildActionMask = 2147483647;
			files = (
				3F912BBA13F40DE800853015 /* JOIris.h in Headers */,
				3F912BBC13F40DE800853015 /* JONTUBus.h in Headers */,
				3F912BBE13F40DE800853015 /* JONTUBusEngine.h in Headers */,
				3F912BC013F40DE800853015 /* JONTUBusRoute.h in Headers */,
				3F912BC213F40DE900853015 /* JONTUBusStop.h in Headers */,
				3F912BD413F4111C00853015 /* NTU_TVY_TraversityDelegate.h in Headers */,
				3F912BDD13F4121800853015 /* NTU_TVY-Prefix.pch in Headers */,
				3F912BE613F412D200853015 /* SynthesizeSingleton.h in Headers */,
				3F912BEB13F412E500853015 /* RegexKitLite.h in Headers */,
				3F912BF013F4130800853015 /* JOUTM.h in Headers */,
				3F912BFC13F4156600853015 /* StopsTableViewController.h in Headers */,
				3F912C1D13F4172000853015 /* CacheOperation.h in Headers */,
				3F912C6413F41CB500853015 /* BusStopViewController.h in Headers */,
				3F912C6613F41CB500853015 /* BusETACell.h in Headers */,
				3F912C6813F41CB500853015 /* ArrivalsOperation.h in Headers */,
				3F912C7B13F41D4700853015 /* UIDevice-Hardware.h in Headers */,
				3F912C7D13F41D4700853015 /* UIDevice-Reachability.h in Headers */,
				3F912C7F13F41D4700853015 /* UIDevice-Orientation.h in Headers */,
				3F912C8413F41D4F00853015 /* wwanconnect.h in Headers */,
				3F912C8713F41DDB00853015 /* Friendly.h in Headers */,
				3F912C8B13F41DF500853015 /* NSString+htmlentitiesaddition.h in Headers */,
				3F875AED13F5072700DFA035 /* BusViewController.h in Headers */,
				3F875AEF13F5072700DFA035 /* NameValueCell.h in Headers */,
				3F875AF613F5072F00DFA035 /* BusAnnotation.h in Headers */,
				3F875AF813F5072F00DFA035 /* StopAnnotation.h in Headers */,
				3F875B0013F5079700DFA035 /* BusesViewController.h in Headers */,
				3F875B0413F5080000DFA035 /* NSString+StringToUIColorConversion.h in Headers */,
				3F875B1213F5092B00DFA035 /* InfoViewController.h in Headers */,
			);
			runOnlyForDeploymentPostprocessing = 0;
		};
/* End PBXHeadersBuildPhase section */

/* Begin PBXNativeTarget section */
		3F912B9213F40BE000853015 /* NTU_TVY */ = {
			isa = PBXNativeTarget;
			buildConfigurationList = 3F912BA013F40BE000853015 /* Build configuration list for PBXNativeTarget "NTU_TVY" */;
			buildPhases = (
				3F912B8F13F40BE000853015 /* Sources */,
				3F912B9013F40BE000853015 /* Frameworks */,
				3F912B9113F40BE000853015 /* Headers */,
			);
			buildRules = (
			);
			dependencies = (
			);
			name = NTU_TVY;
			productName = NTU_TVY;
			productReference = 3F912B9313F40BE000853015 /* libNTU_TVY.a */;
			productType = "com.apple.product-type.library.static";
		};
/* End PBXNativeTarget section */

/* Begin PBXProject section */
		3F912B8A13F40BE000853015 /* Project object */ = {
			isa = PBXProject;
			attributes = {
				LastUpgradeCheck = 0410;
			};
			buildConfigurationList = 3F912B8D13F40BE000853015 /* Build configuration list for PBXProject "NTU_TVY" */;
			compatibilityVersion = "Xcode 3.2";
			developmentRegion = English;
			hasScannedForEncodings = 0;
			knownRegions = (
				en,
			);
			mainGroup = 3F912B8813F40BE000853015;
			productRefGroup = 3F912B9413F40BE000853015 /* Products */;
			projectDirPath = "";
			projectRoot = "";
			targets = (
				3F912B9213F40BE000853015 /* NTU_TVY */,
			);
		};
/* End PBXProject section */

/* Begin PBXSourcesBuildPhase section */
		3F912B8F13F40BE000853015 /* Sources */ = {
			isa = PBXSourcesBuildPhase;
			buildActionMask = 2147483647;
			files = (
				3F912BBB13F40DE800853015 /* JOIris.m in Sources */,
				3F912BBD13F40DE800853015 /* JONTUBus.m in Sources */,
				3F912BBF13F40DE800853015 /* JONTUBusEngine.m in Sources */,
				3F912BC113F40DE900853015 /* JONTUBusRoute.m in Sources */,
				3F912BC313F40DE900853015 /* JONTUBusStop.m in Sources */,
				3F912BD513F4111C00853015 /* NTU_TVY_TraversityDelegate.m in Sources */,
				3F912BEC13F412E500853015 /* RegexKitLite.m in Sources */,
				3F912BF113F4130800853015 /* JOUTM.m in Sources */,
				3F912BFD13F4156600853015 /* StopsTableViewController.m in Sources */,
				3F912C1E13F4172000853015 /* CacheOperation.m in Sources */,
				3F912C6513F41CB500853015 /* BusStopViewController.m in Sources */,
				3F912C6713F41CB500853015 /* BusETACell.m in Sources */,
				3F912C6913F41CB500853015 /* ArrivalsOperation.m in Sources */,
				3F912C7C13F41D4700853015 /* UIDevice-Hardware.m in Sources */,
				3F912C7E13F41D4700853015 /* UIDevice-Reachability.m in Sources */,
				3F912C8013F41D4700853015 /* UIDevice-Orientation.m in Sources */,
				3F912C8313F41D4F00853015 /* wwanconnect.c in Sources */,
				3F912C8813F41DDB00853015 /* Friendly.m in Sources */,
				3F912C8C13F41DF500853015 /* NSString+htmlentitiesaddition.m in Sources */,
				3F875AEE13F5072700DFA035 /* BusViewController.m in Sources */,
				3F875AF013F5072700DFA035 /* NameValueCell.m in Sources */,
				3F875AF713F5072F00DFA035 /* BusAnnotation.m in Sources */,
				3F875AF913F5072F00DFA035 /* StopAnnotation.m in Sources */,
				3F875B0113F5079700DFA035 /* BusesViewController.m in Sources */,
				3F875B0513F5080000DFA035 /* NSString+StringToUIColorConversion.m in Sources */,
				3F875B1313F5092B00DFA035 /* InfoViewController.m in Sources */,
			);
			runOnlyForDeploymentPostprocessing = 0;
		};
/* End PBXSourcesBuildPhase section */

/* Begin XCBuildConfiguration section */
		3F912B9E13F40BE000853015 /* Debug */ = {
			isa = XCBuildConfiguration;
			buildSettings = {
				ALWAYS_SEARCH_USER_PATHS = NO;
				ARCHS = "$(ARCHS_STANDARD_32_BIT)";
				COPY_PHASE_STRIP = NO;
				GCC_C_LANGUAGE_STANDARD = gnu99;
				GCC_DYNAMIC_NO_PIC = NO;
				GCC_OPTIMIZATION_LEVEL = 0;
				GCC_PREPROCESSOR_DEFINITIONS = (
					"DEBUG=1",
					"$(inherited)",
				);
				GCC_SYMBOLS_PRIVATE_EXTERN = NO;
				GCC_VERSION = com.apple.compilers.llvmgcc42;
				GCC_WARN_ABOUT_MISSING_PROTOTYPES = YES;
				GCC_WARN_ABOUT_RETURN_TYPE = YES;
				GCC_WARN_UNUSED_VARIABLE = YES;
				HEADER_SEARCH_PATHS = "/Developer/Blackboard/SDK/Headers/**";
				IPHONEOS_DEPLOYMENT_TARGET = 4.3;
				SDKROOT = iphoneos;
			};
			name = Debug;
		};
		3F912B9F13F40BE000853015 /* Release */ = {
			isa = XCBuildConfiguration;
			buildSettings = {
				ALWAYS_SEARCH_USER_PATHS = NO;
				ARCHS = "$(ARCHS_STANDARD_32_BIT)";
				COPY_PHASE_STRIP = YES;
				GCC_C_LANGUAGE_STANDARD = gnu99;
				GCC_VERSION = com.apple.compilers.llvmgcc42;
				GCC_WARN_ABOUT_MISSING_PROTOTYPES = YES;
				GCC_WARN_ABOUT_RETURN_TYPE = YES;
				GCC_WARN_UNUSED_VARIABLE = YES;
				HEADER_SEARCH_PATHS = "/Developer/Blackboard/SDK/Headers/**";
				IPHONEOS_DEPLOYMENT_TARGET = 4.3;
				SDKROOT = iphoneos;
				VALIDATE_PRODUCT = YES;
			};
			name = Release;
		};
		3F912BA113F40BE000853015 /* Debug */ = {
			isa = XCBuildConfiguration;
			buildSettings = {
				DSTROOT = /tmp/NTU_TVY.dst;
				GCC_C_LANGUAGE_STANDARD = c99;
				GCC_PRECOMPILE_PREFIX_HEADER = YES;
				GCC_PREFIX_HEADER = "Supporting Files/NTU_TVY-Prefix.pch";
				GCC_VERSION = com.apple.compilers.llvm.clang.1_0;
				IPHONEOS_DEPLOYMENT_TARGET = 3.1.3;
				OTHER_LDFLAGS = "";
				PRODUCT_NAME = "$(TARGET_NAME)";
				SDKROOT = iphoneos4.3;
				SKIP_INSTALL = YES;
			};
			name = Debug;
		};
		3F912BA213F40BE000853015 /* Release */ = {
			isa = XCBuildConfiguration;
			buildSettings = {
				DSTROOT = /tmp/NTU_TVY.dst;
				GCC_C_LANGUAGE_STANDARD = c99;
				GCC_PRECOMPILE_PREFIX_HEADER = YES;
				GCC_PREFIX_HEADER = "Supporting Files/NTU_TVY-Prefix.pch";
				GCC_VERSION = com.apple.compilers.llvm.clang.1_0;
				IPHONEOS_DEPLOYMENT_TARGET = 3.1.3;
				OTHER_LDFLAGS = "";
				PRODUCT_NAME = "$(TARGET_NAME)";
				SDKROOT = iphoneos4.3;
				SKIP_INSTALL = YES;
			};
			name = Release;
		};
/* End XCBuildConfiguration section */

/* Begin XCConfigurationList section */
		3F912B8D13F40BE000853015 /* Build configuration list for PBXProject "NTU_TVY" */ = {
			isa = XCConfigurationList;
			buildConfigurations = (
				3F912B9E13F40BE000853015 /* Debug */,
				3F912B9F13F40BE000853015 /* Release */,
			);
			defaultConfigurationIsVisible = 0;
			defaultConfigurationName = Release;
		};
		3F912BA013F40BE000853015 /* Build configuration list for PBXNativeTarget "NTU_TVY" */ = {
			isa = XCConfigurationList;
			buildConfigurations = (
				3F912BA113F40BE000853015 /* Debug */,
				3F912BA213F40BE000853015 /* Release */,
			);
			defaultConfigurationIsVisible = 0;
			defaultConfigurationName = Release;
		};
/* End XCConfigurationList section */
	};
	rootObject = 3F912B8A13F40BE000853015 /* Project object */;
}
